
Microsoft Visual Studio Solution File, Format Version 12.00
# Visual Studio Version 16
VisualStudioVersion = 16.0.31205.134
MinimumVisualStudioVersion = 10.0.40219.1
Project("{9A19103F-16F7-4668-BE54-9A1E7A4F7556}") = "BookStore-API", "BookStore-API\BookStore-API.csproj", "{259DBB66-7D31-4FE2-8E6C-DCDE3CD658DD}"
EndProject
Project("{FAE04EC0-301F-11D3-BF4B-00C04F79EFBC}") = "BookStore-UI", "BookStore-UI\BookStore-UI.csproj", "{D02A16E8-4363-44B1-ABA8-039CF637958E}"
EndProject
Global
	GlobalSection(SolutionConfigurationPlatforms) = preSolution
		Debug|Any CPU = Debug|Any CPU
		Release|Any CPU = Release|Any CPU
	EndGlobalSection
	GlobalSection(ProjectConfigurationPlatforms) = postSolution
		{259DBB66-7D31-4FE2-8E6C-DCDE3CD658DD}.Debug|Any CPU.ActiveCfg = Debug|Any CPU
		{259DBB66-7D31-4FE2-8E6C-DCDE3CD658DD}.Debug|Any CPU.Build.0 = Debug|Any CPU
		{259DBB66-7D31-4FE2-8E6C-DCDE3CD658DD}.Release|Any CPU.ActiveCfg = Release|Any CPU
		{259DBB66-7D31-4FE2-8E6C-DCDE3CD658DD}.Release|Any CPU.Build.0 = Release|Any CPU
		{D02A16E8-4363-44B1-ABA8-039CF637958E}.Debug|Any CPU.ActiveCfg = Debug|Any CPU
		{D02A16E8-4363-44B1-ABA8-039CF637958E}.Debug|Any CPU.Build.0 = Debug|Any CPU
		{D02A16E8-4363-44B1-ABA8-039CF637958E}.Release|Any CPU.ActiveCfg = Release|Any CPU
		{D02A16E8-4363-44B1-ABA8-039CF637958E}.Release|Any CPU.Build.0 = Release|Any CPU
	EndGlobalSection
	GlobalSection(SolutionProperties) = preSolution
		HideSolutionNode = FALSE
	EndGlobalSection
	GlobalSection(ExtensibilityGlobals) = postSolution
		SolutionGuid = {71DE8BAB-A59C-44F6-BBA2-68640E4A5BDB}
	EndGlobalSection
EndGlobal
